// !$*UTF8*$!
{
	archiveVersion = 1;
	classes = {
	};
	objectVersion = 50;
	objects = {

/* Begin PBXBuildFile section */
		9166D6C52374590A00DEB93E /* DetailVC.swift in Sources */ = {isa = PBXBuildFile; fileRef = 9166D6C42374590A00DEB93E /* DetailVC.swift */; };
		91DBA93F23744E3400B3DB2C /* AppDelegate.swift in Sources */ = {isa = PBXBuildFile; fileRef = 91DBA93E23744E3400B3DB2C /* AppDelegate.swift */; };
		91DBA94123744E3400B3DB2C /* SceneDelegate.swift in Sources */ = {isa = PBXBuildFile; fileRef = 91DBA94023744E3400B3DB2C /* SceneDelegate.swift */; };
		91DBA94623744E3400B3DB2C /* Main.storyboard in Resources */ = {isa = PBXBuildFile; fileRef = 91DBA94423744E3400B3DB2C /* Main.storyboard */; };
		91DBA94823744E3900B3DB2C /* Assets.xcassets in Resources */ = {isa = PBXBuildFile; fileRef = 91DBA94723744E3900B3DB2C /* Assets.xcassets */; };
		91DBA94B23744E3900B3DB2C /* LaunchScreen.storyboard in Resources */ = {isa = PBXBuildFile; fileRef = 91DBA94923744E3900B3DB2C /* LaunchScreen.storyboard */; };
		91DBA95723744F6000B3DB2C /* TrackList.swift in Sources */ = {isa = PBXBuildFile; fileRef = 91DBA95623744F6000B3DB2C /* TrackList.swift */; };
/* End PBXBuildFile section */

/* Begin PBXFileReference section */
		9166D6C42374590A00DEB93E /* DetailVC.swift */ = {isa = PBXFileReference; lastKnownFileType = sourcecode.swift; path = DetailVC.swift; sourceTree = "<group>"; };
		91DBA93B23744E3400B3DB2C /* TrackList(TableView).app */ = {isa = PBXFileReference; explicitFileType = wrapper.application; includeInIndex = 0; path = "TrackList(TableView).app"; sourceTree = BUILT_PRODUCTS_DIR; };
		91DBA93E23744E3400B3DB2C /* AppDelegate.swift */ = {isa = PBXFileReference; lastKnownFileType = sourcecode.swift; path = AppDelegate.swift; sourceTree = "<group>"; };
		91DBA94023744E3400B3DB2C /* SceneDelegate.swift */ = {isa = PBXFileReference; lastKnownFileType = sourcecode.swift; path = SceneDelegate.swift; sourceTree = "<group>"; };
		91DBA94523744E3400B3DB2C /* Base */ = {isa = PBXFileReference; lastKnownFileType = file.storyboard; name = Base; path = Base.lproj/Main.storyboard; sourceTree = "<group>"; };
		91DBA94723744E3900B3DB2C /* Assets.xcassets */ = {isa = PBXFileReference; lastKnownFileType = folder.assetcatalog; path = Assets.xcassets; sourceTree = "<group>"; };
		91DBA94A23744E3900B3DB2C /* Base */ = {isa = PBXFileReference; lastKnownFileType = file.storyboard; name = Base; path = Base.lproj/LaunchScreen.storyboard; sourceTree = "<group>"; };
		91DBA94C23744E3900B3DB2C /* Info.plist */ = {isa = PBXFileReference; lastKnownFileType = text.plist.xml; path = Info.plist; sourceTree = "<group>"; };
		91DBA95623744F6000B3DB2C /* TrackList.swift */ = {isa = PBXFileReference; lastKnownFileType = sourcecode.swift; path = TrackList.swift; sourceTree = "<group>"; };
/* End PBXFileReference section */

/* Begin PBXFrameworksBuildPhase section */
		91DBA93823744E3400B3DB2C /* Frameworks */ = {
			isa = PBXFrameworksBuildPhase;
			buildActionMask = 2147483647;
			files = (
			);
			runOnlyForDeploymentPostprocessing = 0;
		};
/* End PBXFrameworksBuildPhase section */

/* Begin PBXGroup section */
		91DBA93223744E3400B3DB2C = {
			isa = PBXGroup;
			children = (
				91DBA93D23744E3400B3DB2C /* TrackList(TableView) */,
				91DBA93C23744E3400B3DB2C /* Products */,
			);
			sourceTree = "<group>";
		};
		91DBA93C23744E3400B3DB2C /* Products */ = {
			isa = PBXGroup;
			children = (
				91DBA93B23744E3400B3DB2C /* TrackList(TableView).app */,
			);
			name = Products;
			sourceTree = "<group>";
		};
		91DBA93D23744E3400B3DB2C /* TrackList(TableView) */ = {
			isa = PBXGroup;
			children = (
				91DBA93E23744E3400B3DB2C /* AppDelegate.swift */,
				91DBA94023744E3400B3DB2C /* SceneDelegate.swift */,
				91DBA95623744F6000B3DB2C /* TrackList.swift */,
				9166D6C42374590A00DEB93E /* DetailVC.swift */,
				91DBA94423744E3400B3DB2C /* Main.storyboard */,
				91DBA94723744E3900B3DB2C /* Assets.xcassets */,
				91DBA94923744E3900B3DB2C /* LaunchScreen.storyboard */,
				91DBA94C23744E3900B3DB2C /* Info.plist */,
			);
			path = "TrackList(TableView)";
			sourceTree = "<group>";
		};
/* End PBXGroup section */

/* Begin PBXNativeTarget section */
		91DBA93A23744E3400B3DB2C /* TrackList(TableView) */ = {
			isa = PBXNativeTarget;
			buildConfigurationList = 91DBA94F23744E3900B3DB2C /* Build configuration list for PBXNativeTarget "TrackList(TableView)" */;
			buildPhases = (
				91DBA93723744E3400B3DB2C /* Sources */,
				91DBA93823744E3400B3DB2C /* Frameworks */,
				91DBA93923744E3400B3DB2C /* Resources */,
			);
			buildRules = (
			);
			dependencies = (
			);
			name = "TrackList(TableView)";
			productName = "TrackList(TableView)";
			productReference = 91DBA93B23744E3400B3DB2C /* TrackList(TableView).app */;
			productType = "com.apple.product-type.application";
		};
/* End PBXNativeTarget section */

/* Begin PBXProject section */
		91DBA93323744E3400B3DB2C /* Project object */ = {
			isa = PBXProject;
			attributes = {
				LastSwiftUpdateCheck = 1110;
				LastUpgradeCheck = 1110;
				ORGANIZATIONNAME = "Egor Tereshonok";
				TargetAttributes = {
					91DBA93A23744E3400B3DB2C = {
						CreatedOnToolsVersion = 11.1;
					};
				};
			};
			buildConfigurationList = 91DBA93623744E3400B3DB2C /* Build configuration list for PBXProject "TrackList(TableView)" */;
			compatibilityVersion = "Xcode 9.3";
			developmentRegion = en;
			hasScannedForEncodings = 0;
			knownRegions = (
				en,
				Base,
			);
			mainGroup = 91DBA93223744E3400B3DB2C;
			productRefGroup = 91DBA93C23744E3400B3DB2C /* Products */;
			projectDirPath = "";
			projectRoot = "";
			targets = (
				91DBA93A23744E3400B3DB2C /* TrackList(TableView) */,
			);
		};
/* End PBXProject section */

/* Begin PBXResourcesBuildPhase section */
		91DBA93923744E3400B3DB2C /* Resources */ = {
			isa = PBXResourcesBuildPhase;
			buildActionMask = 2147483647;
			files = (
				91DBA94B23744E3900B3DB2C /* LaunchScreen.storyboard in Resources */,
				91DBA94823744E3900B3DB2C /* Assets.xcassets in Resources */,
				91DBA94623744E3400B3DB2C /* Main.storyboard in Resources */,
			);
			runOnlyForDeploymentPostprocessing = 0;
		};
/* End PBXResourcesBuildPhase section */

/* Begin PBXSourcesBuildPhase section */
		91DBA93723744E3400B3DB2C /* Sources */ = {
			isa = PBXSourcesBuildPhase;
			buildActionMask = 2147483647;
			files = (
				91DBA95723744F6000B3DB2C /* TrackList.swift in Sources */,
				9166D6C52374590A00DEB93E /* DetailVC.swift in Sources */,
				91DBA93F23744E3400B3DB2C /* AppDelegate.swift in Sources */,
				91DBA94123744E3400B3DB2C /* SceneDelegate.swift in Sources */,
			);
			runOnlyForDeploymentPostprocessing = 0;
		};
/* End PBXSourcesBuildPhase section */

/* Begin PBXVariantGroup section */
		91DBA94423744E3400B3DB2C /* Main.storyboard */ = {
			isa = PBXVariantGroup;
			children = (
				91DBA94523744E3400B3DB2C /* Base */,
			);
			name = Main.storyboard;
			sourceTree = "<group>";
		};
		91DBA94923744E3900B3DB2C /* LaunchScreen.storyboard */ = {
			isa = PBXVariantGroup;
			children = (
				91DBA94A23744E3900B3DB2C /* Base */,
			);
			name = LaunchScreen.storyboard;
			sourceTree = "<group>";
		};
/* End PBXVariantGroup section */

/* Begin XCBuildConfiguration section */
		91DBA94D23744E3900B3DB2C /* Debug */ = {
			isa = XCBuildConfiguration;
			buildSettings = {
				ALWAYS_SEARCH_USER_PATHS = NO;
				CLANG_ANALYZER_NONNULL = YES;
				CLANG_ANALYZER_NUMBER_OBJECT_CONVERSION = YES_AGGRESSIVE;
				CLANG_CXX_LANGUAGE_STANDARD = "gnu++14";
				CLANG_CXX_LIBRARY = "libc++";
				CLANG_ENABLE_MODULES = YES;
				CLANG_ENABLE_OBJC_ARC = YES;
				CLANG_ENABLE_OBJC_WEAK = YES;
				CLANG_WARN_BLOCK_CAPTURE_AUTORELEASING = YES;
				CLANG_WARN_BOOL_CONVERSION = YES;
				CLANG_WARN_COMMA = YES;
				CLANG_WARN_CONSTANT_CONVERSION = YES;
				CLANG_WARN_DEPRECATED_OBJC_IMPLEMENTATIONS = YES;
				CLANG_WARN_DIRECT_OBJC_ISA_USAGE = YES_ERROR;
				CLANG_WARN_DOCUMENTATION_COMMENTS = YES;
				CLANG_WARN_EMPTY_BODY = YES;
				CLANG_WARN_ENUM_CONVERSION = YES;
				CLANG_WARN_INFINITE_RECURSION = YES;
				CLANG_WARN_INT_CONVERSION = YES;
				CLANG_WARN_NON_LITERAL_NULL_CONVERSION = YES;
				CLANG_WARN_OBJC_IMPLICIT_RETAIN_SELF = YES;
				CLANG_WARN_OBJC_LITERAL_CONVERSION = YES;
				CLANG_WARN_OBJC_ROOT_CLASS = YES_ERROR;
				CLANG_WARN_RANGE_LOOP_ANALYSIS = YES;
				CLANG_WARN_STRICT_PROTOTYPES = YES;
				CLANG_WARN_SUSPICIOUS_MOVE = YES;
				CLANG_WARN_UNGUARDED_AVAILABILITY = YES_AGGRESSIVE;
				CLANG_WARN_UNREACHABLE_CODE = YES;
				CLANG_WARN__DUPLICATE_METHOD_MATCH = YES;
				COPY_PHASE_STRIP = NO;
				DEBUG_INFORMATION_FORMAT = dwarf;
				ENABLE_STRICT_OBJC_MSGSEND = YES;
				ENABLE_TESTABILITY = YES;
				GCC_C_LANGUAGE_STANDARD = gnu11;
				GCC_DYNAMIC_NO_PIC = NO;
				GCC_NO_COMMON_BLOCKS = YES;
				GCC_OPTIMIZATION_LEVEL = 0;
				GCC_PREPROCESSOR_DEFINITIONS = (
					"DEBUG=1",
					"$(inherited)",
				);
				GCC_WARN_64_TO_32_BIT_CONVERSION = YES;
				GCC_WARN_ABOUT_RETURN_TYPE = YES_ERROR;
				GCC_WARN_UNDECLARED_SELECTOR = YES;
				GCC_WARN_UNINITIALIZED_AUTOS = YES_AGGRESSIVE;
				GCC_WARN_UNUSED_FUNCTION = YES;
				GCC_WARN_UNUSED_VARIABLE = YES;
				IPHONEOS_DEPLOYMENT_TARGET = 13.1;
				MTL_ENABLE_DEBUG_INFO = INCLUDE_SOURCE;
				MTL_FAST_MATH = YES;
				ONLY_ACTIVE_ARCH = YES;
				SDKROOT = iphoneos;
				SWIFT_ACTIVE_COMPILATION_CONDITIONS = DEBUG;
				SWIFT_OPTIMIZATION_LEVEL = "-Onone";
			};
			name = Debug;
		};
		91DBA94E23744E3900B3DB2C /* Release */ = {
			isa = XCBuildConfiguration;
			buildSettings = {
				ALWAYS_SEARCH_USER_PATHS = NO;
				CLANG_ANALYZER_NONNULL = YES;
				CLANG_ANALYZER_NUMBER_OBJECT_CONVERSION = YES_AGGRESSIVE;
				CLANG_CXX_LANGUAGE_STANDARD = "gnu++14";
				CLANG_CXX_LIBRARY = "libc++";
				CLANG_ENABLE_MODULES = YES;
				CLANG_ENABLE_OBJC_ARC = YES;
				CLANG_ENABLE_OBJC_WEAK = YES;
				CLANG_WARN_BLOCK_CAPTURE_AUTORELEASING = YES;
				CLANG_WARN_BOOL_CONVERSION = YES;
				CLANG_WARN_COMMA = YES;
				CLANG_WARN_CONSTANT_CONVERSION = YES;
				CLANG_WARN_DEPRECATED_OBJC_IMPLEMENTATIONS = YES;
				CLANG_WARN_DIRECT_OBJC_ISA_USAGE = YES_ERROR;
				CLANG_WARN_DOCUMENTATION_COMMENTS = YES;
				CLANG_WARN_EMPTY_BODY = YES;
				CLANG_WARN_ENUM_CONVERSION = YES;
				CLANG_WARN_INFINITE_RECURSION = YES;
				CLANG_WARN_INT_CONVERSION = YES;
				CLANG_WARN_NON_LITERAL_NULL_CONVERSION = YES;
				CLANG_WARN_OBJC_IMPLICIT_RETAIN_SELF = YES;
				CLANG_WARN_OBJC_LITERAL_CONVERSION = YES;
				CLANG_WARN_OBJC_ROOT_CLASS = YES_ERROR;
				CLANG_WARN_RANGE_LOOP_ANALYSIS = YES;
				CLANG_WARN_STRICT_PROTOTYPES = YES;
				CLANG_WARN_SUSPICIOUS_MOVE = YES;
				CLANG_WARN_UNGUARDED_AVAILABILITY = YES_AGGRESSIVE;
				CLANG_WARN_UNREACHABLE_CODE = YES;
				CLANG_WARN__DUPLICATE_METHOD_MATCH = YES;
				COPY_PHASE_STRIP = NO;
				DEBUG_INFORMATION_FORMAT = "dwarf-with-dsym";
				ENABLE_NS_ASSERTIONS = NO;
				ENABLE_STRICT_OBJC_MSGSEND = YES;
				GCC_C_LANGUAGE_STANDARD = gnu11;
				GCC_NO_COMMON_BLOCKS = YES;
				GCC_WARN_64_TO_32_BIT_CONVERSION = YES;
				GCC_WARN_ABOUT_RETURN_TYPE = YES_ERROR;
				GCC_WARN_UNDECLARED_SELECTOR = YES;
				GCC_WARN_UNINITIALIZED_AUTOS = YES_AGGRESSIVE;
				GCC_WARN_UNUSED_FUNCTION = YES;
				GCC_WARN_UNUSED_VARIABLE = YES;
				IPHONEOS_DEPLOYMENT_TARGET = 13.1;
				MTL_ENABLE_DEBUG_INFO = NO;
				MTL_FAST_MATH = YES;
				SDKROOT = iphoneos;
				SWIFT_COMPILATION_MODE = wholemodule;
				SWIFT_OPTIMIZATION_LEVEL = "-O";
				VALIDATE_PRODUCT = YES;
			};
			name = Release;
		};
		91DBA95023744E3900B3DB2C /* Debug */ = {
			isa = XCBuildConfiguration;
			buildSettings = {
				ASSETCATALOG_COMPILER_APPICON_NAME = AppIcon;
				CODE_SIGN_STYLE = Automatic;
				DEVELOPMENT_TEAM = 3379Y22T2W;
				INFOPLIST_FILE = "TrackList(TableView)/Info.plist";
				LD_RUNPATH_SEARCH_PATHS = (
					"$(inherited)",
					"@executable_path/Frameworks",
				);
				PRODUCT_BUNDLE_IDENTIFIER = "com.ET.TrackList-TableView-";
				PRODUCT_NAME = "$(TARGET_NAME)";
				SWIFT_VERSION = 5.0;
				TARGETED_DEVICE_FAMILY = "1,2";
			};
			name = Debug;
		};
		91DBA95123744E3900B3DB2C /* Release */ = {
			isa = XCBuildConfiguration;
			buildSettings = {
				ASSETCATALOG_COMPILER_APPICON_NAME = AppIcon;
				CODE_SIGN_STYLE = Automatic;
				DEVELOPMENT_TEAM = 3379Y22T2W;
				INFOPLIST_FILE = "TrackList(TableView)/Info.plist";
				LD_RUNPATH_SEARCH_PATHS = (
					"$(inherited)",
					"@executable_path/Frameworks",
				);
				PRODUCT_BUNDLE_IDENTIFIER = "com.ET.TrackList-TableView-";
				PRODUCT_NAME = "$(TARGET_NAME)";
				SWIFT_VERSION = 5.0;
				TARGETED_DEVICE_FAMILY = "1,2";
			};
			name = Release;
		};
/* End XCBuildConfiguration section */

/* Begin XCConfigurationList section */
		91DBA93623744E3400B3DB2C /* Build configuration list for PBXProject "TrackList(TableView)" */ = {
			isa = XCConfigurationList;
			buildConfigurations = (
				91DBA94D23744E3900B3DB2C /* Debug */,
				91DBA94E23744E3900B3DB2C /* Release */,
			);
			defaultConfigurationIsVisible = 0;
			defaultConfigurationName = Release;
		};
		91DBA94F23744E3900B3DB2C /* Build configuration list for PBXNativeTarget "TrackList(TableView)" */ = {
			isa = XCConfigurationList;
			buildConfigurations = (
				91DBA95023744E3900B3DB2C /* Debug */,
				91DBA95123744E3900B3DB2C /* Release */,
			);
			defaultConfigurationIsVisible = 0;
			defaultConfigurationName = Release;
		};
/* End XCConfigurationList section */
	};
	rootObject = 91DBA93323744E3400B3DB2C /* Project object */;
}
